
Microsoft Visual Studio Solution File, Format Version 12.00
# Visual Studio 2015
VisualStudioVersion = 14.0.22823.1
MinimumVisualStudioVersion = 10.0.40219.1
Project("{FAE04EC0-301F-11D3-BF4B-00C04F79EFBC}") = "BambooHrClient", "BambooHrClient\BambooHrClient.csproj", "{1C2BB32C-0D43-4C31-ABBA-42F3437A946E}"
EndProject
Project("{FAE04EC0-301F-11D3-BF4B-00C04F79EFBC}") = "BambooHrClient.Demo", "BambooHrClient.Demo\BambooHrClient.Demo.csproj", "{3C5DBA1B-869C-4AFD-BCC1-879B1719E87F}"
EndProject
Global
	GlobalSection(SolutionConfigurationPlatforms) = preSolution
		Debug|Any CPU = Debug|Any CPU
		Release|Any CPU = Release|Any CPU
	EndGlobalSection
	GlobalSection(ProjectConfigurationPlatforms) = postSolution
		{1C2BB32C-0D43-4C31-ABBA-42F3437A946E}.Debug|Any CPU.ActiveCfg = Debug|Any CPU
		{1C2BB32C-0D43-4C31-ABBA-42F3437A946E}.Debug|Any CPU.Build.0 = Debug|Any CPU
		{1C2BB32C-0D43-4C31-ABBA-42F3437A946E}.Release|Any CPU.ActiveCfg = Release|Any CPU
		{1C2BB32C-0D43-4C31-ABBA-42F3437A946E}.Release|Any CPU.Build.0 = Release|Any CPU
		{3C5DBA1B-869C-4AFD-BCC1-879B1719E87F}.Debug|Any CPU.ActiveCfg = Debug|Any CPU
		{3C5DBA1B-869C-4AFD-BCC1-879B1719E87F}.Debug|Any CPU.Build.0 = Debug|Any CPU
		{3C5DBA1B-869C-4AFD-BCC1-879B1719E87F}.Release|Any CPU.ActiveCfg = Release|Any CPU
		{3C5DBA1B-869C-4AFD-BCC1-879B1719E87F}.Release|Any CPU.Build.0 = Release|Any CPU
	EndGlobalSection
	GlobalSection(SolutionProperties) = preSolution
		HideSolutionNode = FALSE
	EndGlobalSection
EndGlobal
